<?xml version="1.0" encoding="utf-8"?>
<Project ToolsVersion="4.0" xmlns="http://schemas.microsoft.com/developer/msbuild/2003">
  <ItemGroup>
    <Filter Include="Source Files">
      <UniqueIdentifier>{4FC737F1-C7A5-4376-A066-2A32D752A2FF}</UniqueIdentifier>
      <Extensions>cpp;c;cc;cxx;def;odl;idl;hpj;bat;asm;asmx</Extensions>
    </Filter>
    <Filter Include="Header Files">
      <UniqueIdentifier>{93995380-89BD-4b04-88EB-625FBE52EBFB}</UniqueIdentifier>
      <Extensions>h;hh;hpp;hxx;hm;inl;inc;ipp;xsd</Extensions>
    </Filter>
    <Filter Include="Resource Files">
      <UniqueIdentifier>{67DA6AB6-F800-4c08-8B7A-83BB121AAD01}</UniqueIdentifier>
      <Extensions>rc;ico;cur;bmp;dlg;rc2;rct;bin;rgs;gif;jpg;jpeg;jpe;resx;tiff;tif;png;wav;mfcribbon-ms</Extensions>
    </Filter>
  </ItemGroup>
  <ItemGroup>
    <ClCompile Include="stdafx.cpp">
      <Filter>Source Files</Filter>
    </ClCompile>
    <ClCompile Include="DatalinkPlugin.cpp">
      <Filter>Source Files</Filter>
    </ClCompile>
    <ClCompile Include="DatalinkScreen.cpp">
      <Filter>Source Files</Filter>
    </ClCompile>
    <ClCompile Include="DatalinkApp.cpp">
      <Filter>Source Files</Filter>
    </ClCompile>
    <ClCompile Include="HoppieConn.cpp">
      <Filter>Source Files</Filter>
    </ClCompile>
    <ClCompile Include="Util.cpp">
      <Filter>Source Files</Filter>
    </ClCompile>
    <ClCompile Include="OccAircraft.cpp">
      <Filter>Source Files</Filter>
    </ClCompile>
  </ItemGroup>
  <ItemGroup>
    <None Include="Datalink.def">
      <Filter>Source Files</Filter>
    </None>
    <None Include="res\Datalink.rc2">
      <Filter>Resource Files</Filter>
    </None>
  </ItemGroup>
  <ItemGroup>
    <ClInclude Include="stdafx.h">
      <Filter>Header Files</Filter>
    </ClInclude>
    <ClInclude Include="targetver.h">
      <Filter>Header Files</Filter>
    </ClInclude>
    <ClInclude Include="Resource.h">
      <Filter>Header Files</Filter>
    </ClInclude>
    <ClInclude Include="DatalinkPlugin.h">
      <Filter>Header Files</Filter>
    </ClInclude>
    <ClInclude Include="DatalinkScreen.h">
      <Filter>Header Files</Filter>
    </ClInclude>
    <ClInclude Include="DatalinkApp.h">
      <Filter>Header Files</Filter>
    </ClInclude>
    <ClInclude Include="F:\EuroScope\PlugInEnvironment\EuroScopePlugIn.h">
      <Filter>Header Files</Filter>
    </ClInclude>
    <ClInclude Include="Defines.h">
      <Filter>Header Files</Filter>
    </ClInclude>
    <ClInclude Include="HoppieList.h">
      <Filter>Header Files</Filter>
    </ClInclude>
    <ClInclude Include="HoppieConn.h">
      <Filter>Header Files</Filter>
    </ClInclude>
    <ClInclude Include="S.h">
      <Filter>Header Files</Filter>
    </ClInclude>
    <ClInclude Include="Util.h">
      <Filter>Header Files</Filter>
    </ClInclude>
    <ClInclude Include="Logger.h">
      <Filter>Header Files</Filter>
    </ClInclude>
    <ClInclude Include="OccAircraft.h">
      <Filter>Header Files</Filter>
    </ClInclude>
  </ItemGroup>
  <ItemGroup>
    <ResourceCompile Include="Datalink.rc">
      <Filter>Resource Files</Filter>
    </ResourceCompile>
  </ItemGroup>
  <ItemGroup>
    <Image Include="res\buttons\btn1Dcl.bmp">
      <Filter>Resource Files</Filter>
    </Image>
    <Image Include="res\buttons\btn1Log.bmp">
      <Filter>Resource Files</Filter>
    </Image>
    <Image Include="res\buttons\btn1Off.bmp">
      <Filter>Resource Files</Filter>
    </Image>
    <Image Include="res\buttons\btn1On.bmp">
      <Filter>Resource Files</Filter>
    </Image>
    <Image Include="res\buttons\btn2Log.bmp">
      <Filter>Resource Files</Filter>
    </Image>
    <Image Include="res\buttons\btn2LogOff.bmp">
      <Filter>Resource Files</Filter>
    </Image>
    <Image Include="res\buttons\btn2Off.bmp">
      <Filter>Resource Files</Filter>
    </Image>
    <Image Include="res\buttons\btn2On.bmp">
      <Filter>Resource Files</Filter>
    </Image>
    <Image Include="res\buttons\btn3Log.bmp">
      <Filter>Resource Files</Filter>
    </Image>
    <Image Include="res\buttons\btn3Off.bmp">
      <Filter>Resource Files</Filter>
    </Image>
    <Image Include="res\buttons\btn3On.bmp">
      <Filter>Resource Files</Filter>
    </Image>
    <Image Include="res\buttons\btn4Log.bmp">
      <Filter>Resource Files</Filter>
    </Image>
    <Image Include="res\buttons\btn4Off.bmp">
      <Filter>Resource Files</Filter>
    </Image>
    <Image Include="res\buttons\btn4On.bmp">
      <Filter>Resource Files</Filter>
    </Image>
    <Image Include="res\buttons\btn5Clear.bmp">
      <Filter>Resource Files</Filter>
    </Image>
    <Image Include="res\buttons\btn5Log.bmp">
      <Filter>Resource Files</Filter>
    </Image>
    <Image Include="res\buttons\btn5Off.bmp">
      <Filter>Resource Files</Filter>
    </Image>
    <Image Include="res\buttons\btn5On.bmp">
      <Filter>Resource Files</Filter>
    </Image>
    <Image Include="res\buttons\btn6Log.bmp">
      <Filter>Resource Files</Filter>
    </Image>
    <Image Include="res\buttons\btn6Off.bmp">
      <Filter>Resource Files</Filter>
    </Image>
    <Image Include="res\buttons\btn6On.bmp">
      <Filter>Resource Files</Filter>
    </Image>
    <Image Include="res\buttons\listLVL.bmp">
      <Filter>Resource Files</Filter>
    </Image>
    <Image Include="res\buttons\listLVLEx.bmp">
      <Filter>Resource Files</Filter>
    </Image>
    <Image Include="res\buttons\listLVLRply.bmp">
      <Filter>Resource Files</Filter>
    </Image>
    <Image Include="res\buttons\listMike.bmp">
      <Filter>Resource Files</Filter>
    </Image>
    <Image Include="res\buttons\listROUTE.bmp">
      <Filter>Resource Files</Filter>
    </Image>
    <Image Include="res\buttons\listROUTEEx.bmp">
      <Filter>Resource Files</Filter>
    </Image>
    <Image Include="res\buttons\listROUTERply.bmp">
      <Filter>Resource Files</Filter>
    </Image>
    <Image Include="res\buttons\listSSR.bmp">
      <Filter>Resource Files</Filter>
    </Image>
    <Image Include="res\buttons\listSSRStart2.bmp">
      <Filter>Resource Files</Filter>
    </Image>
    <Image Include="res\buttons\listSSRStop.bmp">
      <Filter>Resource Files</Filter>
    </Image>
    <Image Include="res\buttons\listVCI.bmp">
      <Filter>Resource Files</Filter>
    </Image>
    <Image Include="res\headerMapConnected.bmp">
      <Filter>Resource Files</Filter>
    </Image>
    <Image Include="res\headerMapError.bmp">
      <Filter>Resource Files</Filter>
    </Image>
    <Image Include="res\headerMap.bmp">
      <Filter>Resource Files</Filter>
    </Image>
    <Image Include="res\aircraftClear.bmp">
      <Filter>Resource Files</Filter>
    </Image>
    <Image Include="res\aircraftSelected.bmp">
      <Filter>Resource Files</Filter>
    </Image>
    <Image Include="res\data.bmp">
      <Filter>Resource Files</Filter>
    </Image>
    <Image Include="res\aircraft.bmp">
      <Filter>Resource Files</Filter>
    </Image>
  </ItemGroup>
  <ItemGroup>
    <Media Include="res\notification.wav">
      <Filter>Resource Files</Filter>
    </Media>
  </ItemGroup>
</Project>